{
  "requires": true,
  "lockfileVersion": 1,
  "dependencies": {
    "@types/google-apps-script": {
      "version": "0.0.38",
      "resolved": "https://registry.npmjs.org/@types/google-apps-script/-/google-apps-script-0.0.38.tgz",
      "integrity": "sha512-njQkvhJkScHlHEE1TuVCTA44BljwDfCqzCeJ2wmpWM46WW+SjZpCTHYmU+MhnsTFeW0onCemqK0vkWvZseF13w==",
      "dev": true
    }
  }
}
